
Microsoft Visual Studio Solution File, Format Version 11.00
# Visual Studio 2010
Project("{FAE04EC0-301F-11D3-BF4B-00C04F79EFBC}") = "Assembly-CSharp", "Assembly-CSharp.csproj", "{e132e383-edd1-484c-b967-77ae4fc79781}"
EndProject
Project("{FAE04EC0-301F-11D3-BF4B-00C04F79EFBC}") = "Assembly-CSharp-Editor", "Assembly-CSharp-Editor.csproj", "{35bcc741-c122-1064-1e27-ad357dac07df}"
EndProject
Global
	GlobalSection(SolutionConfigurationPlatforms) = preSolution
		Debug|Any CPU = Debug|Any CPU
	EndGlobalSection
	GlobalSection(ProjectConfigurationPlatforms) = postSolution
		{e132e383-edd1-484c-b967-77ae4fc79781}.Debug|Any CPU.ActiveCfg = Debug|Any CPU
		{e132e383-edd1-484c-b967-77ae4fc79781}.Debug|Any CPU.Build.0 = Debug|Any CPU
		{35bcc741-c122-1064-1e27-ad357dac07df}.Debug|Any CPU.ActiveCfg = Debug|Any CPU
		{35bcc741-c122-1064-1e27-ad357dac07df}.Debug|Any CPU.Build.0 = Debug|Any CPU
	EndGlobalSection
	GlobalSection(SolutionProperties) = preSolution
		HideSolutionNode = FALSE
	EndGlobalSection
EndGlobal
